
Microsoft Visual Studio Solution File, Format Version 11.00
# Visual C# Express 2010
Project("{FAE04EC0-301F-11D3-BF4B-00C04F79EFBC}") = "wpXml2Jekyll", "wpXml2Jekyll\wpXml2Jekyll.csproj", "{667FCA6E-6534-4EB3-AB18-7A829D7B3D46}"
EndProject
Global
	GlobalSection(SolutionConfigurationPlatforms) = preSolution
		Debug|Any CPU = Debug|Any CPU
		Release|Any CPU = Release|Any CPU
	EndGlobalSection
	GlobalSection(ProjectConfigurationPlatforms) = postSolution
		{667FCA6E-6534-4EB3-AB18-7A829D7B3D46}.Debug|Any CPU.ActiveCfg = Debug|Any CPU
		{667FCA6E-6534-4EB3-AB18-7A829D7B3D46}.Debug|Any CPU.Build.0 = Debug|Any CPU
		{667FCA6E-6534-4EB3-AB18-7A829D7B3D46}.Release|Any CPU.ActiveCfg = Release|Any CPU
		{667FCA6E-6534-4EB3-AB18-7A829D7B3D46}.Release|Any CPU.Build.0 = Release|Any CPU
	EndGlobalSection
	GlobalSection(SolutionProperties) = preSolution
		HideSolutionNode = FALSE
	EndGlobalSection
EndGlobal
